github.com/adiwahyudi02/go-say-hello-module v1.0.0 h1:ebMvjhtaQt8mFFOmh4KowjwybohIMmGoPEQWmfl0HTw=
github.com/adiwahyudi02/go-say-hello-module v1.0.0/go.mod h1:DJ4kWSHynzuzOJOLo3xNetWLf6zqsNikI/dtoVBH/tM=
github.com/adiwahyudi02/go-say-hello-module v1.1.0 h1:4p095PZfkPwYTk0BHUuXzDwlolFCRlX6NzvjGV8vjBg=
github.com/adiwahyudi02/go-say-hello-module v1.1.0/go.mod h1:DJ4kWSHynzuzOJOLo3xNetWLf6zqsNikI/dtoVBH/tM=
